
Microsoft Visual Studio Solution File, Format Version 12.00
# Visual Studio Version 17
VisualStudioVersion = 17.10.35013.160
MinimumVisualStudioVersion = 10.0.40219.1
Project("{FAE04EC0-301F-11D3-BF4B-00C04F79EFBC}") = "AwesomeGICBank", "AwesomeGICBank\AwesomeGICBank.csproj", "{38E1A9FC-982E-461E-9285-CACED4F4A829}"
EndProject
Project("{FAE04EC0-301F-11D3-BF4B-00C04F79EFBC}") = "AwesomeGICBank.Tests", "AwesomeGICBank.Tests\AwesomeGICBank.Tests.csproj", "{92E3B01F-26A2-4034-8C9E-90365748EAC4}"
EndProject
Global
	GlobalSection(SolutionConfigurationPlatforms) = preSolution
		Debug|Any CPU = Debug|Any CPU
		Release|Any CPU = Release|Any CPU
	EndGlobalSection
	GlobalSection(ProjectConfigurationPlatforms) = postSolution
		{38E1A9FC-982E-461E-9285-CACED4F4A829}.Debug|Any CPU.ActiveCfg = Debug|Any CPU
		{38E1A9FC-982E-461E-9285-CACED4F4A829}.Debug|Any CPU.Build.0 = Debug|Any CPU
		{38E1A9FC-982E-461E-9285-CACED4F4A829}.Release|Any CPU.ActiveCfg = Release|Any CPU
		{38E1A9FC-982E-461E-9285-CACED4F4A829}.Release|Any CPU.Build.0 = Release|Any CPU
		{A972E87F-CE19-4F03-AA6C-4C48D523954E}.Debug|Any CPU.ActiveCfg = Debug|Any CPU
		{A972E87F-CE19-4F03-AA6C-4C48D523954E}.Debug|Any CPU.Build.0 = Debug|Any CPU
		{A972E87F-CE19-4F03-AA6C-4C48D523954E}.Release|Any CPU.ActiveCfg = Release|Any CPU
		{A972E87F-CE19-4F03-AA6C-4C48D523954E}.Release|Any CPU.Build.0 = Release|Any CPU
		{92E3B01F-26A2-4034-8C9E-90365748EAC4}.Debug|Any CPU.ActiveCfg = Debug|Any CPU
		{92E3B01F-26A2-4034-8C9E-90365748EAC4}.Debug|Any CPU.Build.0 = Debug|Any CPU
		{92E3B01F-26A2-4034-8C9E-90365748EAC4}.Release|Any CPU.ActiveCfg = Release|Any CPU
		{92E3B01F-26A2-4034-8C9E-90365748EAC4}.Release|Any CPU.Build.0 = Release|Any CPU
	EndGlobalSection
	GlobalSection(SolutionProperties) = preSolution
		HideSolutionNode = FALSE
	EndGlobalSection
	GlobalSection(ExtensibilityGlobals) = postSolution
		SolutionGuid = {7996ACFB-776D-4F0F-B911-739C4BFE8800}
	EndGlobalSection
EndGlobal
